
Microsoft Visual Studio Solution File, Format Version 12.00
# Visual Studio 2012
Project("{FAE04EC0-301F-11D3-BF4B-00C04F79EFBC}") = "KuRazorCommon", "KuRazorCommon\KuRazorCommon.csproj", "{2D1F29CC-7197-4F55-996C-309FCE400126}"
EndProject
Project("{FAE04EC0-301F-11D3-BF4B-00C04F79EFBC}") = "KuRazorCommon_Test", "KuRazorCommon_Test\KuRazorCommon_Test.csproj", "{76229FD5-1232-478B-ACDD-50709D93DA54}"
EndProject
Global
	GlobalSection(SolutionConfigurationPlatforms) = preSolution
		Debug|Any CPU = Debug|Any CPU
		Release|Any CPU = Release|Any CPU
	EndGlobalSection
	GlobalSection(ProjectConfigurationPlatforms) = postSolution
		{2D1F29CC-7197-4F55-996C-309FCE400126}.Debug|Any CPU.ActiveCfg = Debug|Any CPU
		{2D1F29CC-7197-4F55-996C-309FCE400126}.Debug|Any CPU.Build.0 = Debug|Any CPU
		{2D1F29CC-7197-4F55-996C-309FCE400126}.Release|Any CPU.ActiveCfg = Release|Any CPU
		{2D1F29CC-7197-4F55-996C-309FCE400126}.Release|Any CPU.Build.0 = Release|Any CPU
		{76229FD5-1232-478B-ACDD-50709D93DA54}.Debug|Any CPU.ActiveCfg = Debug|Any CPU
		{76229FD5-1232-478B-ACDD-50709D93DA54}.Debug|Any CPU.Build.0 = Debug|Any CPU
		{76229FD5-1232-478B-ACDD-50709D93DA54}.Release|Any CPU.ActiveCfg = Release|Any CPU
		{76229FD5-1232-478B-ACDD-50709D93DA54}.Release|Any CPU.Build.0 = Release|Any CPU
	EndGlobalSection
	GlobalSection(SolutionProperties) = preSolution
		HideSolutionNode = FALSE
	EndGlobalSection
EndGlobal
